
Microsoft Visual Studio Solution File, Format Version 12.00
# Visual Studio Version 16
VisualStudioVersion = 16.0.28407.52
MinimumVisualStudioVersion = 10.0.40219.1
Project("{2150E333-8FDC-42A3-9474-1A3956D46DE8}") = "src", "src", "{AFAA0841-BD93-466F-B8F4-FB4EEC86F1FC}"
EndProject
Project("{2150E333-8FDC-42A3-9474-1A3956D46DE8}") = "test", "test", "{F10AA149-2626-486E-85BB-9CD5365F3016}"
EndProject
Project("{9A19103F-16F7-4668-BE54-9A1E7A4F7556}") = "Vapps.Core", "src\Vapps.Core\Vapps.Core.csproj", "{0FA75A5B-AB83-4FD0-B545-279774C01E87}"
EndProject
Project("{9A19103F-16F7-4668-BE54-9A1E7A4F7556}") = "Vapps.Application.Share", "src\Vapps.Application.Share\Vapps.Application.Share.csproj", "{1348695F-B9F4-4562-8DA2-01AEEED605F6}"
EndProject
Project("{9A19103F-16F7-4668-BE54-9A1E7A4F7556}") = "Vapps.Application", "src\Vapps.Application\Vapps.Application.csproj", "{3870C648-4AEA-4B85-BA3F-F2F63B96136A}"
EndProject
Project("{9A19103F-16F7-4668-BE54-9A1E7A4F7556}") = "Vapps.Tests", "test\Vapps.Tests\Vapps.Tests.csproj", "{0D4C5D00-C144-4213-A007-4B8944113AB1}"
EndProject
Project("{9A19103F-16F7-4668-BE54-9A1E7A4F7556}") = "Vapps.EntityFrameworkCore", "src\Vapps.EntityFrameworkCore\Vapps.EntityFrameworkCore.csproj", "{DC780BC4-4EAC-4C63-9052-6F3169A59FA4}"
EndProject
Project("{9A19103F-16F7-4668-BE54-9A1E7A4F7556}") = "Vapps.Migrator", "src\Vapps.Migrator\Vapps.Migrator.csproj", "{7CAD3713-812A-4DE1-BDE3-59225B1E430A}"
EndProject
Project("{9A19103F-16F7-4668-BE54-9A1E7A4F7556}") = "Vapps.Web.Core", "src\Vapps.Web.Core\Vapps.Web.Core.csproj", "{0F0E141D-2626-4114-9805-3AFD8275A6B0}"
EndProject
Project("{9A19103F-16F7-4668-BE54-9A1E7A4F7556}") = "Vapps.Web.Host", "src\Vapps.Web.Host\Vapps.Web.Host.csproj", "{9FC37C62-2105-4D32-9724-7323B959504B}"
EndProject
Project("{2150E333-8FDC-42A3-9474-1A3956D46DE8}") = "Solution Items", "Solution Items", "{D04D9608-9CEB-4E0A-B548-410F7475E9F1}"
	ProjectSection(SolutionItems) = preProject
		common.props = common.props
	EndProjectSection
EndProject
Project("{9A19103F-16F7-4668-BE54-9A1E7A4F7556}") = "Vapps.Common", "src\Vapps.Common\Vapps.Common.csproj", "{21FE66CA-A551-43F5-B64C-4BA59BE782ED}"
EndProject
Project("{9A19103F-16F7-4668-BE54-9A1E7A4F7556}") = "Vapps.FileStorage", "src\Vapps.FileStorage\Vapps.FileStorage.csproj", "{AB132709-D063-430B-8287-98C4B66AB8D4}"
EndProject
Project("{2150E333-8FDC-42A3-9474-1A3956D46DE8}") = "WeChat", "WeChat", "{01C95766-44FA-413E-8677-FB5F4ECB0A00}"
EndProject
Project("{9A19103F-16F7-4668-BE54-9A1E7A4F7556}") = "Vapps.WeChat.Core", "wechat\Vapps.WeChat.Core\Vapps.WeChat.Core.csproj", "{F263A3B4-AF62-4ECA-80A3-B935DCE558FE}"
EndProject
Project("{9A19103F-16F7-4668-BE54-9A1E7A4F7556}") = "Vapps.WeChat.Infrastructure", "wechat\Vapps.WeChat.Infrastructure\Vapps.WeChat.Infrastructure.csproj", "{F34D42DA-0875-47B1-AFDF-122BC3229645}"
EndProject
Project("{9A19103F-16F7-4668-BE54-9A1E7A4F7556}") = "Vapps.ConsoleApiClient", "test\Vapps.ConsoleApiClient\Vapps.ConsoleApiClient.csproj", "{AE26C0C1-40B4-437C-88E5-FDBA0A0D8E9B}"
EndProject
Project("{9A19103F-16F7-4668-BE54-9A1E7A4F7556}") = "Vapps.WeChat.Application", "wechat\Vapps.WeChat.Application\Vapps.WeChat.Application.csproj", "{E3B4400A-914E-440E-8D09-63AD5D51B7BC}"
EndProject
Project("{2150E333-8FDC-42A3-9474-1A3956D46DE8}") = "Alipay", "Alipay", "{C5F04851-B274-4BFB-B9EE-848CBC6052DE}"
EndProject
Project("{9A19103F-16F7-4668-BE54-9A1E7A4F7556}") = "Vapps.Alipay.Infrastructure", "alipay\Vapps.Payment.Infrastructure\Vapps.Alipay.Infrastructure.csproj", "{E5043537-A366-41B5-9A96-A1124310B86D}"
EndProject
Project("{9A19103F-16F7-4668-BE54-9A1E7A4F7556}") = "Vapps.Alipay.Application", "alipay\Vapps.Alipay.Application\Vapps.Alipay.Application.csproj", "{B104C103-F1FA-47F3-AEF6-8952BFED8205}"
EndProject
Project("{2150E333-8FDC-42A3-9474-1A3956D46DE8}") = "ECommerce", "ECommerce", "{4B7C1DC7-D0A4-4044-A7B3-417EA369F64A}"
EndProject
Project("{9A19103F-16F7-4668-BE54-9A1E7A4F7556}") = "Vapps.ECommerce.Core", "ecommerce\Vapps.ECommerce.Core\Vapps.ECommerce.Core.csproj", "{A21989B0-960A-4979-9FC6-595EA81DB96F}"
EndProject
Project("{9A19103F-16F7-4668-BE54-9A1E7A4F7556}") = "Vapps.ECommerce.Application", "ecommerce\Vapps.ECommerce.Application\Vapps.ECommerce.Application.csproj", "{47AE961C-B23B-472F-AD7E-75746E15E882}"
EndProject
Project("{2150E333-8FDC-42A3-9474-1A3956D46DE8}") = "Advert", "Advert", "{D1CD7B34-CFEC-4315-9090-1EA421D99B82}"
EndProject
Project("{9A19103F-16F7-4668-BE54-9A1E7A4F7556}") = "Vapps.Advert.Core", "advert\Vapps.Advert.Core\Vapps.Advert.Core.csproj", "{6EF5FB2E-F1E4-450F-8EBA-6F0C0FC8A73B}"
EndProject
Project("{9A19103F-16F7-4668-BE54-9A1E7A4F7556}") = "Vapps.Advert.Application", "advert\Vapps.Advert.Application\Vapps.Advert.Application.csproj", "{1A3ABF7F-7757-4E56-A4CE-A4B1292F048D}"
EndProject
Project("{2150E333-8FDC-42A3-9474-1A3956D46DE8}") = "Statistic", "Statistic", "{47143B86-8CCA-4688-A568-A94737E1F4F7}"
EndProject
Project("{9A19103F-16F7-4668-BE54-9A1E7A4F7556}") = "Vapps.Statistic.Application", "statistic\Vapps.Statistic.Application\Vapps.Statistic.Application.csproj", "{5333C923-D06D-4F27-BC00-2D73444DAEDF}"
EndProject
Project("{9A19103F-16F7-4668-BE54-9A1E7A4F7556}") = "Vapps.Statistic.Core", "statistic\Vapps.Statistic.Core\Vapps.Statistic.Core.csproj", "{98F4CD95-84C3-4257-97BA-D0E29611F89D}"
EndProject
Global
	GlobalSection(SolutionConfigurationPlatforms) = preSolution
		Debug|Any CPU = Debug|Any CPU
		Release|Any CPU = Release|Any CPU
	EndGlobalSection
	GlobalSection(ProjectConfigurationPlatforms) = postSolution
		{0FA75A5B-AB83-4FD0-B545-279774C01E87}.Debug|Any CPU.ActiveCfg = Debug|Any CPU
		{0FA75A5B-AB83-4FD0-B545-279774C01E87}.Debug|Any CPU.Build.0 = Debug|Any CPU
		{0FA75A5B-AB83-4FD0-B545-279774C01E87}.Release|Any CPU.ActiveCfg = Release|Any CPU
		{0FA75A5B-AB83-4FD0-B545-279774C01E87}.Release|Any CPU.Build.0 = Release|Any CPU
		{1348695F-B9F4-4562-8DA2-01AEEED605F6}.Debug|Any CPU.ActiveCfg = Debug|Any CPU
		{1348695F-B9F4-4562-8DA2-01AEEED605F6}.Debug|Any CPU.Build.0 = Debug|Any CPU
		{1348695F-B9F4-4562-8DA2-01AEEED605F6}.Release|Any CPU.ActiveCfg = Release|Any CPU
		{1348695F-B9F4-4562-8DA2-01AEEED605F6}.Release|Any CPU.Build.0 = Release|Any CPU
		{3870C648-4AEA-4B85-BA3F-F2F63B96136A}.Debug|Any CPU.ActiveCfg = Debug|Any CPU
		{3870C648-4AEA-4B85-BA3F-F2F63B96136A}.Debug|Any CPU.Build.0 = Debug|Any CPU
		{3870C648-4AEA-4B85-BA3F-F2F63B96136A}.Release|Any CPU.ActiveCfg = Release|Any CPU
		{3870C648-4AEA-4B85-BA3F-F2F63B96136A}.Release|Any CPU.Build.0 = Release|Any CPU
		{0D4C5D00-C144-4213-A007-4B8944113AB1}.Debug|Any CPU.ActiveCfg = Debug|Any CPU
		{0D4C5D00-C144-4213-A007-4B8944113AB1}.Debug|Any CPU.Build.0 = Debug|Any CPU
		{0D4C5D00-C144-4213-A007-4B8944113AB1}.Release|Any CPU.ActiveCfg = Release|Any CPU
		{0D4C5D00-C144-4213-A007-4B8944113AB1}.Release|Any CPU.Build.0 = Release|Any CPU
		{DC780BC4-4EAC-4C63-9052-6F3169A59FA4}.Debug|Any CPU.ActiveCfg = Debug|Any CPU
		{DC780BC4-4EAC-4C63-9052-6F3169A59FA4}.Debug|Any CPU.Build.0 = Debug|Any CPU
		{DC780BC4-4EAC-4C63-9052-6F3169A59FA4}.Release|Any CPU.ActiveCfg = Release|Any CPU
		{DC780BC4-4EAC-4C63-9052-6F3169A59FA4}.Release|Any CPU.Build.0 = Release|Any CPU
		{7CAD3713-812A-4DE1-BDE3-59225B1E430A}.Debug|Any CPU.ActiveCfg = Debug|Any CPU
		{7CAD3713-812A-4DE1-BDE3-59225B1E430A}.Debug|Any CPU.Build.0 = Debug|Any CPU
		{7CAD3713-812A-4DE1-BDE3-59225B1E430A}.Release|Any CPU.ActiveCfg = Release|Any CPU
		{7CAD3713-812A-4DE1-BDE3-59225B1E430A}.Release|Any CPU.Build.0 = Release|Any CPU
		{0F0E141D-2626-4114-9805-3AFD8275A6B0}.Debug|Any CPU.ActiveCfg = Debug|Any CPU
		{0F0E141D-2626-4114-9805-3AFD8275A6B0}.Debug|Any CPU.Build.0 = Debug|Any CPU
		{0F0E141D-2626-4114-9805-3AFD8275A6B0}.Release|Any CPU.ActiveCfg = Release|Any CPU
		{0F0E141D-2626-4114-9805-3AFD8275A6B0}.Release|Any CPU.Build.0 = Release|Any CPU
		{9FC37C62-2105-4D32-9724-7323B959504B}.Debug|Any CPU.ActiveCfg = Debug|Any CPU
		{9FC37C62-2105-4D32-9724-7323B959504B}.Debug|Any CPU.Build.0 = Debug|Any CPU
		{9FC37C62-2105-4D32-9724-7323B959504B}.Release|Any CPU.ActiveCfg = Release|Any CPU
		{9FC37C62-2105-4D32-9724-7323B959504B}.Release|Any CPU.Build.0 = Release|Any CPU
		{21FE66CA-A551-43F5-B64C-4BA59BE782ED}.Debug|Any CPU.ActiveCfg = Debug|Any CPU
		{21FE66CA-A551-43F5-B64C-4BA59BE782ED}.Debug|Any CPU.Build.0 = Debug|Any CPU
		{21FE66CA-A551-43F5-B64C-4BA59BE782ED}.Release|Any CPU.ActiveCfg = Release|Any CPU
		{21FE66CA-A551-43F5-B64C-4BA59BE782ED}.Release|Any CPU.Build.0 = Release|Any CPU
		{AB132709-D063-430B-8287-98C4B66AB8D4}.Debug|Any CPU.ActiveCfg = Debug|Any CPU
		{AB132709-D063-430B-8287-98C4B66AB8D4}.Debug|Any CPU.Build.0 = Debug|Any CPU
		{AB132709-D063-430B-8287-98C4B66AB8D4}.Release|Any CPU.ActiveCfg = Release|Any CPU
		{AB132709-D063-430B-8287-98C4B66AB8D4}.Release|Any CPU.Build.0 = Release|Any CPU
		{F263A3B4-AF62-4ECA-80A3-B935DCE558FE}.Debug|Any CPU.ActiveCfg = Debug|Any CPU
		{F263A3B4-AF62-4ECA-80A3-B935DCE558FE}.Debug|Any CPU.Build.0 = Debug|Any CPU
		{F263A3B4-AF62-4ECA-80A3-B935DCE558FE}.Release|Any CPU.ActiveCfg = Release|Any CPU
		{F263A3B4-AF62-4ECA-80A3-B935DCE558FE}.Release|Any CPU.Build.0 = Release|Any CPU
		{F34D42DA-0875-47B1-AFDF-122BC3229645}.Debug|Any CPU.ActiveCfg = Debug|Any CPU
		{F34D42DA-0875-47B1-AFDF-122BC3229645}.Debug|Any CPU.Build.0 = Debug|Any CPU
		{F34D42DA-0875-47B1-AFDF-122BC3229645}.Release|Any CPU.ActiveCfg = Release|Any CPU
		{F34D42DA-0875-47B1-AFDF-122BC3229645}.Release|Any CPU.Build.0 = Release|Any CPU
		{AE26C0C1-40B4-437C-88E5-FDBA0A0D8E9B}.Debug|Any CPU.ActiveCfg = Debug|Any CPU
		{AE26C0C1-40B4-437C-88E5-FDBA0A0D8E9B}.Debug|Any CPU.Build.0 = Debug|Any CPU
		{AE26C0C1-40B4-437C-88E5-FDBA0A0D8E9B}.Release|Any CPU.ActiveCfg = Release|Any CPU
		{AE26C0C1-40B4-437C-88E5-FDBA0A0D8E9B}.Release|Any CPU.Build.0 = Release|Any CPU
		{E3B4400A-914E-440E-8D09-63AD5D51B7BC}.Debug|Any CPU.ActiveCfg = Debug|Any CPU
		{E3B4400A-914E-440E-8D09-63AD5D51B7BC}.Debug|Any CPU.Build.0 = Debug|Any CPU
		{E3B4400A-914E-440E-8D09-63AD5D51B7BC}.Release|Any CPU.ActiveCfg = Release|Any CPU
		{E3B4400A-914E-440E-8D09-63AD5D51B7BC}.Release|Any CPU.Build.0 = Release|Any CPU
		{E5043537-A366-41B5-9A96-A1124310B86D}.Debug|Any CPU.ActiveCfg = Debug|Any CPU
		{E5043537-A366-41B5-9A96-A1124310B86D}.Debug|Any CPU.Build.0 = Debug|Any CPU
		{E5043537-A366-41B5-9A96-A1124310B86D}.Release|Any CPU.ActiveCfg = Release|Any CPU
		{E5043537-A366-41B5-9A96-A1124310B86D}.Release|Any CPU.Build.0 = Release|Any CPU
		{B104C103-F1FA-47F3-AEF6-8952BFED8205}.Debug|Any CPU.ActiveCfg = Debug|Any CPU
		{B104C103-F1FA-47F3-AEF6-8952BFED8205}.Debug|Any CPU.Build.0 = Debug|Any CPU
		{B104C103-F1FA-47F3-AEF6-8952BFED8205}.Release|Any CPU.ActiveCfg = Release|Any CPU
		{B104C103-F1FA-47F3-AEF6-8952BFED8205}.Release|Any CPU.Build.0 = Release|Any CPU
		{A21989B0-960A-4979-9FC6-595EA81DB96F}.Debug|Any CPU.ActiveCfg = Debug|Any CPU
		{A21989B0-960A-4979-9FC6-595EA81DB96F}.Debug|Any CPU.Build.0 = Debug|Any CPU
		{A21989B0-960A-4979-9FC6-595EA81DB96F}.Release|Any CPU.ActiveCfg = Release|Any CPU
		{A21989B0-960A-4979-9FC6-595EA81DB96F}.Release|Any CPU.Build.0 = Release|Any CPU
		{47AE961C-B23B-472F-AD7E-75746E15E882}.Debug|Any CPU.ActiveCfg = Debug|Any CPU
		{47AE961C-B23B-472F-AD7E-75746E15E882}.Debug|Any CPU.Build.0 = Debug|Any CPU
		{47AE961C-B23B-472F-AD7E-75746E15E882}.Release|Any CPU.ActiveCfg = Release|Any CPU
		{47AE961C-B23B-472F-AD7E-75746E15E882}.Release|Any CPU.Build.0 = Release|Any CPU
		{6EF5FB2E-F1E4-450F-8EBA-6F0C0FC8A73B}.Debug|Any CPU.ActiveCfg = Debug|Any CPU
		{6EF5FB2E-F1E4-450F-8EBA-6F0C0FC8A73B}.Debug|Any CPU.Build.0 = Debug|Any CPU
		{6EF5FB2E-F1E4-450F-8EBA-6F0C0FC8A73B}.Release|Any CPU.ActiveCfg = Release|Any CPU
		{6EF5FB2E-F1E4-450F-8EBA-6F0C0FC8A73B}.Release|Any CPU.Build.0 = Release|Any CPU
		{1A3ABF7F-7757-4E56-A4CE-A4B1292F048D}.Debug|Any CPU.ActiveCfg = Debug|Any CPU
		{1A3ABF7F-7757-4E56-A4CE-A4B1292F048D}.Debug|Any CPU.Build.0 = Debug|Any CPU
		{1A3ABF7F-7757-4E56-A4CE-A4B1292F048D}.Release|Any CPU.ActiveCfg = Release|Any CPU
		{1A3ABF7F-7757-4E56-A4CE-A4B1292F048D}.Release|Any CPU.Build.0 = Release|Any CPU
		{5333C923-D06D-4F27-BC00-2D73444DAEDF}.Debug|Any CPU.ActiveCfg = Debug|Any CPU
		{5333C923-D06D-4F27-BC00-2D73444DAEDF}.Debug|Any CPU.Build.0 = Debug|Any CPU
		{5333C923-D06D-4F27-BC00-2D73444DAEDF}.Release|Any CPU.ActiveCfg = Release|Any CPU
		{5333C923-D06D-4F27-BC00-2D73444DAEDF}.Release|Any CPU.Build.0 = Release|Any CPU
		{98F4CD95-84C3-4257-97BA-D0E29611F89D}.Debug|Any CPU.ActiveCfg = Debug|Any CPU
		{98F4CD95-84C3-4257-97BA-D0E29611F89D}.Debug|Any CPU.Build.0 = Debug|Any CPU
		{98F4CD95-84C3-4257-97BA-D0E29611F89D}.Release|Any CPU.ActiveCfg = Release|Any CPU
		{98F4CD95-84C3-4257-97BA-D0E29611F89D}.Release|Any CPU.Build.0 = Release|Any CPU
	EndGlobalSection
	GlobalSection(SolutionProperties) = preSolution
		HideSolutionNode = FALSE
	EndGlobalSection
	GlobalSection(NestedProjects) = preSolution
		{0FA75A5B-AB83-4FD0-B545-279774C01E87} = {AFAA0841-BD93-466F-B8F4-FB4EEC86F1FC}
		{1348695F-B9F4-4562-8DA2-01AEEED605F6} = {AFAA0841-BD93-466F-B8F4-FB4EEC86F1FC}
		{3870C648-4AEA-4B85-BA3F-F2F63B96136A} = {AFAA0841-BD93-466F-B8F4-FB4EEC86F1FC}
		{0D4C5D00-C144-4213-A007-4B8944113AB1} = {F10AA149-2626-486E-85BB-9CD5365F3016}
		{DC780BC4-4EAC-4C63-9052-6F3169A59FA4} = {AFAA0841-BD93-466F-B8F4-FB4EEC86F1FC}
		{7CAD3713-812A-4DE1-BDE3-59225B1E430A} = {AFAA0841-BD93-466F-B8F4-FB4EEC86F1FC}
		{0F0E141D-2626-4114-9805-3AFD8275A6B0} = {AFAA0841-BD93-466F-B8F4-FB4EEC86F1FC}
		{9FC37C62-2105-4D32-9724-7323B959504B} = {AFAA0841-BD93-466F-B8F4-FB4EEC86F1FC}
		{21FE66CA-A551-43F5-B64C-4BA59BE782ED} = {AFAA0841-BD93-466F-B8F4-FB4EEC86F1FC}
		{AB132709-D063-430B-8287-98C4B66AB8D4} = {AFAA0841-BD93-466F-B8F4-FB4EEC86F1FC}
		{01C95766-44FA-413E-8677-FB5F4ECB0A00} = {AFAA0841-BD93-466F-B8F4-FB4EEC86F1FC}
		{F263A3B4-AF62-4ECA-80A3-B935DCE558FE} = {01C95766-44FA-413E-8677-FB5F4ECB0A00}
		{F34D42DA-0875-47B1-AFDF-122BC3229645} = {01C95766-44FA-413E-8677-FB5F4ECB0A00}
		{AE26C0C1-40B4-437C-88E5-FDBA0A0D8E9B} = {F10AA149-2626-486E-85BB-9CD5365F3016}
		{E3B4400A-914E-440E-8D09-63AD5D51B7BC} = {01C95766-44FA-413E-8677-FB5F4ECB0A00}
		{C5F04851-B274-4BFB-B9EE-848CBC6052DE} = {AFAA0841-BD93-466F-B8F4-FB4EEC86F1FC}
		{E5043537-A366-41B5-9A96-A1124310B86D} = {C5F04851-B274-4BFB-B9EE-848CBC6052DE}
		{B104C103-F1FA-47F3-AEF6-8952BFED8205} = {C5F04851-B274-4BFB-B9EE-848CBC6052DE}
		{4B7C1DC7-D0A4-4044-A7B3-417EA369F64A} = {AFAA0841-BD93-466F-B8F4-FB4EEC86F1FC}
		{A21989B0-960A-4979-9FC6-595EA81DB96F} = {4B7C1DC7-D0A4-4044-A7B3-417EA369F64A}
		{47AE961C-B23B-472F-AD7E-75746E15E882} = {4B7C1DC7-D0A4-4044-A7B3-417EA369F64A}
		{D1CD7B34-CFEC-4315-9090-1EA421D99B82} = {AFAA0841-BD93-466F-B8F4-FB4EEC86F1FC}
		{6EF5FB2E-F1E4-450F-8EBA-6F0C0FC8A73B} = {D1CD7B34-CFEC-4315-9090-1EA421D99B82}
		{1A3ABF7F-7757-4E56-A4CE-A4B1292F048D} = {D1CD7B34-CFEC-4315-9090-1EA421D99B82}
		{47143B86-8CCA-4688-A568-A94737E1F4F7} = {AFAA0841-BD93-466F-B8F4-FB4EEC86F1FC}
		{5333C923-D06D-4F27-BC00-2D73444DAEDF} = {47143B86-8CCA-4688-A568-A94737E1F4F7}
		{98F4CD95-84C3-4257-97BA-D0E29611F89D} = {47143B86-8CCA-4688-A568-A94737E1F4F7}
	EndGlobalSection
	GlobalSection(ExtensibilityGlobals) = postSolution
		SolutionGuid = {71B396AD-4F8D-4210-AC72-A7DF4BC731CD}
	EndGlobalSection
EndGlobal
